
Microsoft Visual Studio Solution File, Format Version 12.00
# Visual Studio 15
VisualStudioVersion = 15.0.27130.2010
MinimumVisualStudioVersion = 10.0.40219.1
Project("{FAE04EC0-301F-11D3-BF4B-00C04F79EFBC}") = "Webshop", "Webshop\Webshop.csproj", "{9670E78A-778C-400D-B9D9-0FB217A1A2E1}"
EndProject
Project("{FAE04EC0-301F-11D3-BF4B-00C04F79EFBC}") = "Webshop.AcceptanceSpecs", "Webshop.AcceptanceSpecs\Webshop.AcceptanceSpecs.csproj", "{02997162-B82B-4356-94D7-148FD1E33247}"
EndProject
Project("{FAE04EC0-301F-11D3-BF4B-00C04F79EFBC}") = "Webshop.UnitSpecs", "Webshop.UnitSpecs\Webshop.UnitSpecs.csproj", "{8894F2D6-293E-4805-832A-D2FA9A1F4D03}"
EndProject
Global
	GlobalSection(SolutionConfigurationPlatforms) = preSolution
		Debug|Any CPU = Debug|Any CPU
		Release|Any CPU = Release|Any CPU
	EndGlobalSection
	GlobalSection(ProjectConfigurationPlatforms) = postSolution
		{9670E78A-778C-400D-B9D9-0FB217A1A2E1}.Debug|Any CPU.ActiveCfg = Debug|Any CPU
		{9670E78A-778C-400D-B9D9-0FB217A1A2E1}.Debug|Any CPU.Build.0 = Debug|Any CPU
		{9670E78A-778C-400D-B9D9-0FB217A1A2E1}.Release|Any CPU.ActiveCfg = Release|Any CPU
		{9670E78A-778C-400D-B9D9-0FB217A1A2E1}.Release|Any CPU.Build.0 = Release|Any CPU
		{02997162-B82B-4356-94D7-148FD1E33247}.Debug|Any CPU.ActiveCfg = Debug|Any CPU
		{02997162-B82B-4356-94D7-148FD1E33247}.Debug|Any CPU.Build.0 = Debug|Any CPU
		{02997162-B82B-4356-94D7-148FD1E33247}.Release|Any CPU.ActiveCfg = Release|Any CPU
		{02997162-B82B-4356-94D7-148FD1E33247}.Release|Any CPU.Build.0 = Release|Any CPU
		{8894F2D6-293E-4805-832A-D2FA9A1F4D03}.Debug|Any CPU.ActiveCfg = Debug|Any CPU
		{8894F2D6-293E-4805-832A-D2FA9A1F4D03}.Debug|Any CPU.Build.0 = Debug|Any CPU
		{8894F2D6-293E-4805-832A-D2FA9A1F4D03}.Release|Any CPU.ActiveCfg = Release|Any CPU
		{8894F2D6-293E-4805-832A-D2FA9A1F4D03}.Release|Any CPU.Build.0 = Release|Any CPU
	EndGlobalSection
	GlobalSection(SolutionProperties) = preSolution
		HideSolutionNode = FALSE
	EndGlobalSection
	GlobalSection(ExtensibilityGlobals) = postSolution
		SolutionGuid = {F9B7B3F6-0F12-4428-A665-49ACF45C0C76}
	EndGlobalSection
EndGlobal
